
Microsoft Visual Studio Solution File, Format Version 12.00
# Visual Studio Version 17
VisualStudioVersion = 17.9.34723.18
MinimumVisualStudioVersion = 10.0.40219.1
Project("{FAE04EC0-301F-11D3-BF4B-00C04F79EFBC}") = "ZMNet.Common", "ZMNet.Common\ZMNet.Common.csproj", "{6574AA62-5346-4C67-88E1-F8D70E8DDC3D}"
EndProject
Global
	GlobalSection(SolutionConfigurationPlatforms) = preSolution
		Debug|Any CPU = Debug|Any CPU
		Release|Any CPU = Release|Any CPU
	EndGlobalSection
	GlobalSection(ProjectConfigurationPlatforms) = postSolution
		{6574AA62-5346-4C67-88E1-F8D70E8DDC3D}.Debug|Any CPU.ActiveCfg = Debug|Any CPU
		{6574AA62-5346-4C67-88E1-F8D70E8DDC3D}.Debug|Any CPU.Build.0 = Debug|Any CPU
		{6574AA62-5346-4C67-88E1-F8D70E8DDC3D}.Release|Any CPU.ActiveCfg = Release|Any CPU
		{6574AA62-5346-4C67-88E1-F8D70E8DDC3D}.Release|Any CPU.Build.0 = Release|Any CPU
	EndGlobalSection
	GlobalSection(SolutionProperties) = preSolution
		HideSolutionNode = FALSE
	EndGlobalSection
	GlobalSection(ExtensibilityGlobals) = postSolution
		SolutionGuid = {99D98B0B-EFB9-4B1D-8889-4A35AB852816}
	EndGlobalSection
EndGlobal
